
Microsoft Visual Studio Solution File, Format Version 12.00
# Visual Studio Version 16
VisualStudioVersion = 16.0.33927.289
MinimumVisualStudioVersion = 10.0.40219.1
Project("{2150E333-8FDC-42A3-9474-1A3956D46DE8}") = "Task0", "Task0", "{0A38A02F-4FD3-4B99-8C05-1522B9B07E01}"
EndProject
Project("{FAE04EC0-301F-11D3-BF4B-00C04F79EFBC}") = "Tyuiu.VarovaAA.Sprint4.Task0.V29", "Tyuiu.VarovaAA.Sprint4.Task0.V29\Tyuiu.VarovaAA.Sprint4.Task0.V29.csproj", "{1FD00C27-2A25-47BA-A986-D60D8B37241C}"
EndProject
Project("{FAE04EC0-301F-11D3-BF4B-00C04F79EFBC}") = "Tyuiu.VarovaAA.Sprint4.Task0.V29.Lib", "Tyuiu.VarovaAA.Sprint4.Task0.V29.Lib\Tyuiu.VarovaAA.Sprint4.Task0.V29.Lib.csproj", "{FE186B06-FD72-42B4-BDA0-BD2B536C8174}"
EndProject
Project("{FAE04EC0-301F-11D3-BF4B-00C04F79EFBC}") = "Tyuiu.VarovaAA.Sprint4.Task0.V29.Test", "Tyuiu.VarovaAA.Sprint4.Task0.V29.Test\Tyuiu.VarovaAA.Sprint4.Task0.V29.Test.csproj", "{51DB5351-6B8D-422E-9F24-925CE235C7C5}"
EndProject
Project("{2150E333-8FDC-42A3-9474-1A3956D46DE8}") = "Task1", "Task1", "{C65999DC-9C16-46F8-A13F-9B8AEB351DF8}"
EndProject
Project("{FAE04EC0-301F-11D3-BF4B-00C04F79EFBC}") = "Tyuiu.VarovaAA.Sprint4.Task1.V1", "Tyuiu.VarovaAA.Sprint4.Task1.V1\Tyuiu.VarovaAA.Sprint4.Task1.V1.csproj", "{FA7F1614-5537-479F-A308-D73A6464A3E8}"
EndProject
Project("{FAE04EC0-301F-11D3-BF4B-00C04F79EFBC}") = "Tyuiu.VarovaAA.Sprint4.Task1.V1.Lib", "Tyuiu.VarovaAA.Sprint4.Task1.V1.Lib\Tyuiu.VarovaAA.Sprint4.Task1.V1.Lib.csproj", "{0A1B9313-0D5C-40A1-8007-E8EF57D748BA}"
EndProject
Project("{FAE04EC0-301F-11D3-BF4B-00C04F79EFBC}") = "Tyuiu.VarovaAA.Sprint4.Task1.V1.Test", "Tyuiu.VarovaAA.Sprint4.Task1.V1.Test\Tyuiu.VarovaAA.Sprint4.Task1.V1.Test.csproj", "{58E59C58-AF32-4E46-9600-D7B0C4BC9CFA}"
EndProject
Global
	GlobalSection(SolutionConfigurationPlatforms) = preSolution
		Debug|Any CPU = Debug|Any CPU
		Release|Any CPU = Release|Any CPU
	EndGlobalSection
	GlobalSection(ProjectConfigurationPlatforms) = postSolution
		{1FD00C27-2A25-47BA-A986-D60D8B37241C}.Debug|Any CPU.ActiveCfg = Debug|Any CPU
		{1FD00C27-2A25-47BA-A986-D60D8B37241C}.Debug|Any CPU.Build.0 = Debug|Any CPU
		{1FD00C27-2A25-47BA-A986-D60D8B37241C}.Release|Any CPU.ActiveCfg = Release|Any CPU
		{1FD00C27-2A25-47BA-A986-D60D8B37241C}.Release|Any CPU.Build.0 = Release|Any CPU
		{FE186B06-FD72-42B4-BDA0-BD2B536C8174}.Debug|Any CPU.ActiveCfg = Debug|Any CPU
		{FE186B06-FD72-42B4-BDA0-BD2B536C8174}.Debug|Any CPU.Build.0 = Debug|Any CPU
		{FE186B06-FD72-42B4-BDA0-BD2B536C8174}.Release|Any CPU.ActiveCfg = Release|Any CPU
		{FE186B06-FD72-42B4-BDA0-BD2B536C8174}.Release|Any CPU.Build.0 = Release|Any CPU
		{51DB5351-6B8D-422E-9F24-925CE235C7C5}.Debug|Any CPU.ActiveCfg = Debug|Any CPU
		{51DB5351-6B8D-422E-9F24-925CE235C7C5}.Debug|Any CPU.Build.0 = Debug|Any CPU
		{51DB5351-6B8D-422E-9F24-925CE235C7C5}.Release|Any CPU.ActiveCfg = Release|Any CPU
		{51DB5351-6B8D-422E-9F24-925CE235C7C5}.Release|Any CPU.Build.0 = Release|Any CPU
		{FA7F1614-5537-479F-A308-D73A6464A3E8}.Debug|Any CPU.ActiveCfg = Debug|Any CPU
		{FA7F1614-5537-479F-A308-D73A6464A3E8}.Debug|Any CPU.Build.0 = Debug|Any CPU
		{FA7F1614-5537-479F-A308-D73A6464A3E8}.Release|Any CPU.ActiveCfg = Release|Any CPU
		{FA7F1614-5537-479F-A308-D73A6464A3E8}.Release|Any CPU.Build.0 = Release|Any CPU
		{0A1B9313-0D5C-40A1-8007-E8EF57D748BA}.Debug|Any CPU.ActiveCfg = Debug|Any CPU
		{0A1B9313-0D5C-40A1-8007-E8EF57D748BA}.Debug|Any CPU.Build.0 = Debug|Any CPU
		{0A1B9313-0D5C-40A1-8007-E8EF57D748BA}.Release|Any CPU.ActiveCfg = Release|Any CPU
		{0A1B9313-0D5C-40A1-8007-E8EF57D748BA}.Release|Any CPU.Build.0 = Release|Any CPU
		{58E59C58-AF32-4E46-9600-D7B0C4BC9CFA}.Debug|Any CPU.ActiveCfg = Debug|Any CPU
		{58E59C58-AF32-4E46-9600-D7B0C4BC9CFA}.Debug|Any CPU.Build.0 = Debug|Any CPU
		{58E59C58-AF32-4E46-9600-D7B0C4BC9CFA}.Release|Any CPU.ActiveCfg = Release|Any CPU
		{58E59C58-AF32-4E46-9600-D7B0C4BC9CFA}.Release|Any CPU.Build.0 = Release|Any CPU
	EndGlobalSection
	GlobalSection(SolutionProperties) = preSolution
		HideSolutionNode = FALSE
	EndGlobalSection
	GlobalSection(NestedProjects) = preSolution
		{1FD00C27-2A25-47BA-A986-D60D8B37241C} = {0A38A02F-4FD3-4B99-8C05-1522B9B07E01}
		{FE186B06-FD72-42B4-BDA0-BD2B536C8174} = {0A38A02F-4FD3-4B99-8C05-1522B9B07E01}
		{51DB5351-6B8D-422E-9F24-925CE235C7C5} = {0A38A02F-4FD3-4B99-8C05-1522B9B07E01}
		{FA7F1614-5537-479F-A308-D73A6464A3E8} = {C65999DC-9C16-46F8-A13F-9B8AEB351DF8}
		{0A1B9313-0D5C-40A1-8007-E8EF57D748BA} = {C65999DC-9C16-46F8-A13F-9B8AEB351DF8}
		{58E59C58-AF32-4E46-9600-D7B0C4BC9CFA} = {C65999DC-9C16-46F8-A13F-9B8AEB351DF8}
	EndGlobalSection
	GlobalSection(ExtensibilityGlobals) = postSolution
		SolutionGuid = {92B2F69E-951B-4870-ADD5-90034BFE794F}
	EndGlobalSection
EndGlobal
