
Microsoft Visual Studio Solution File, Format Version 12.00
# Visual Studio Version 16
VisualStudioVersion = 16.0.33927.289
MinimumVisualStudioVersion = 10.0.40219.1
Project("{2150E333-8FDC-42A3-9474-1A3956D46DE8}") = "Task0", "Task0", "{0A38A02F-4FD3-4B99-8C05-1522B9B07E01}"
EndProject
Project("{FAE04EC0-301F-11D3-BF4B-00C04F79EFBC}") = "Tyuiu.VarovaAA.Sprint4.Task0.V29", "Tyuiu.VarovaAA.Sprint4.Task0.V29\Tyuiu.VarovaAA.Sprint4.Task0.V29.csproj", "{1FD00C27-2A25-47BA-A986-D60D8B37241C}"
EndProject
Project("{FAE04EC0-301F-11D3-BF4B-00C04F79EFBC}") = "Tyuiu.VarovaAA.Sprint4.Task0.V29.Lib", "Tyuiu.VarovaAA.Sprint4.Task0.V29.Lib\Tyuiu.VarovaAA.Sprint4.Task0.V29.Lib.csproj", "{FE186B06-FD72-42B4-BDA0-BD2B536C8174}"
EndProject
Project("{FAE04EC0-301F-11D3-BF4B-00C04F79EFBC}") = "Tyuiu.VarovaAA.Sprint4.Task0.V29.Test", "Tyuiu.VarovaAA.Sprint4.Task0.V29.Test\Tyuiu.VarovaAA.Sprint4.Task0.V29.Test.csproj", "{51DB5351-6B8D-422E-9F24-925CE235C7C5}"
EndProject
Project("{2150E333-8FDC-42A3-9474-1A3956D46DE8}") = "Task1", "Task1", "{C65999DC-9C16-46F8-A13F-9B8AEB351DF8}"
EndProject
Project("{FAE04EC0-301F-11D3-BF4B-00C04F79EFBC}") = "Tyuiu.VarovaAA.Sprint4.Task1.V1", "Tyuiu.VarovaAA.Sprint4.Task1.V1\Tyuiu.VarovaAA.Sprint4.Task1.V1.csproj", "{FA7F1614-5537-479F-A308-D73A6464A3E8}"
EndProject
Project("{FAE04EC0-301F-11D3-BF4B-00C04F79EFBC}") = "Tyuiu.VarovaAA.Sprint4.Task1.V1.Lib", "Tyuiu.VarovaAA.Sprint4.Task1.V1.Lib\Tyuiu.VarovaAA.Sprint4.Task1.V1.Lib.csproj", "{0A1B9313-0D5C-40A1-8007-E8EF57D748BA}"
EndProject
Project("{FAE04EC0-301F-11D3-BF4B-00C04F79EFBC}") = "Tyuiu.VarovaAA.Sprint4.Task1.V1.Test", "Tyuiu.VarovaAA.Sprint4.Task1.V1.Test\Tyuiu.VarovaAA.Sprint4.Task1.V1.Test.csproj", "{58E59C58-AF32-4E46-9600-D7B0C4BC9CFA}"
EndProject
Project("{2150E333-8FDC-42A3-9474-1A3956D46DE8}") = "Task2", "Task2", "{B7E40EC6-2A6F-406A-B807-1056142405C3}"
EndProject
Project("{FAE04EC0-301F-11D3-BF4B-00C04F79EFBC}") = "Tyuiu.VarovaAA.Sprint4.Task2.V6", "Tyuiu.VarovaAA.Sprint4.Task2.V6\Tyuiu.VarovaAA.Sprint4.Task2.V6.csproj", "{9426215A-4BB5-4D59-BBC3-BDB5130FCFE6}"
EndProject
Project("{FAE04EC0-301F-11D3-BF4B-00C04F79EFBC}") = "Tyuiu.VarovaAA.Sprint4.Task2.V6.Lib", "Tyuiu.VarovaAA.Sprint4.Task2.V6.Lib\Tyuiu.VarovaAA.Sprint4.Task2.V6.Lib.csproj", "{3889945F-B015-4130-BA1B-4F820C70D799}"
EndProject
Project("{FAE04EC0-301F-11D3-BF4B-00C04F79EFBC}") = "Tyuiu.VarovaAA.Sprint4.Task2.V6.Test", "Tyuiu.VarovaAA.Sprint4.Task2.V6.Test\Tyuiu.VarovaAA.Sprint4.Task2.V6.Test.csproj", "{0CF5BD0A-8468-44AD-A9D6-130981531477}"
EndProject
Project("{2150E333-8FDC-42A3-9474-1A3956D46DE8}") = "Task3", "Task3", "{E48EF48D-D07D-4112-943E-02A74AE54181}"
EndProject
Project("{FAE04EC0-301F-11D3-BF4B-00C04F79EFBC}") = "Tyuiu.VarovaAA.Sprint4.Task3.V17", "Tyuiu.VarovaAA.Sprint4.Task3.V17\Tyuiu.VarovaAA.Sprint4.Task3.V17.csproj", "{2DBADF05-83BC-453A-BAD8-9AF30B9C74B9}"
EndProject
Project("{FAE04EC0-301F-11D3-BF4B-00C04F79EFBC}") = "Tyuiu.VarovaAA.Sprint4.Task3.V17.Lib", "Tyuiu.VarovaAA.Sprint4.Task3.V17.Lib\Tyuiu.VarovaAA.Sprint4.Task3.V17.Lib.csproj", "{38A2590E-36EC-4A4B-9E15-854414A664D1}"
EndProject
Project("{FAE04EC0-301F-11D3-BF4B-00C04F79EFBC}") = "Tyuiu.VarovaAA.Sprint4.Task3.V17.Test", "Tyuiu.VarovaAA.Sprint4.Task3.V17.Test\Tyuiu.VarovaAA.Sprint4.Task3.V17.Test.csproj", "{FFB0C23C-8A84-4482-BCE3-4F4761613559}"
EndProject
Project("{2150E333-8FDC-42A3-9474-1A3956D46DE8}") = "Task4", "Task4", "{3A9D0FB0-A8E1-49A6-93AC-D7C06A763657}"
EndProject
Project("{FAE04EC0-301F-11D3-BF4B-00C04F79EFBC}") = "Tyuiu.VarovaAA.Sprint4.Task4.V26", "Tyuiu.VarovaAA.Sprint4.Task4.V26\Tyuiu.VarovaAA.Sprint4.Task4.V26.csproj", "{0D855B24-4F56-420F-B522-C7384D491F74}"
EndProject
Project("{FAE04EC0-301F-11D3-BF4B-00C04F79EFBC}") = "Tyuiu.VarovaAA.Sprint4.Task4.V26.Lib", "Tyuiu.VarovaAA.Sprint4.Task4.V26.Lib\Tyuiu.VarovaAA.Sprint4.Task4.V26.Lib.csproj", "{E8D2F221-D1E2-42EB-B1CF-95BBF578F432}"
EndProject
Project("{FAE04EC0-301F-11D3-BF4B-00C04F79EFBC}") = "Tyuiu.VarovaAA.Sprint4.Task4.V26.Test", "Tyuiu.VarovaAA.Sprint4.Task4.V26.Test\Tyuiu.VarovaAA.Sprint4.Task4.V26.Test.csproj", "{DA5E4E51-96DB-4182-BB17-48A1B01388BA}"
EndProject
Global
	GlobalSection(SolutionConfigurationPlatforms) = preSolution
		Debug|Any CPU = Debug|Any CPU
		Release|Any CPU = Release|Any CPU
	EndGlobalSection
	GlobalSection(ProjectConfigurationPlatforms) = postSolution
		{1FD00C27-2A25-47BA-A986-D60D8B37241C}.Debug|Any CPU.ActiveCfg = Debug|Any CPU
		{1FD00C27-2A25-47BA-A986-D60D8B37241C}.Debug|Any CPU.Build.0 = Debug|Any CPU
		{1FD00C27-2A25-47BA-A986-D60D8B37241C}.Release|Any CPU.ActiveCfg = Release|Any CPU
		{1FD00C27-2A25-47BA-A986-D60D8B37241C}.Release|Any CPU.Build.0 = Release|Any CPU
		{FE186B06-FD72-42B4-BDA0-BD2B536C8174}.Debug|Any CPU.ActiveCfg = Debug|Any CPU
		{FE186B06-FD72-42B4-BDA0-BD2B536C8174}.Debug|Any CPU.Build.0 = Debug|Any CPU
		{FE186B06-FD72-42B4-BDA0-BD2B536C8174}.Release|Any CPU.ActiveCfg = Release|Any CPU
		{FE186B06-FD72-42B4-BDA0-BD2B536C8174}.Release|Any CPU.Build.0 = Release|Any CPU
		{51DB5351-6B8D-422E-9F24-925CE235C7C5}.Debug|Any CPU.ActiveCfg = Debug|Any CPU
		{51DB5351-6B8D-422E-9F24-925CE235C7C5}.Debug|Any CPU.Build.0 = Debug|Any CPU
		{51DB5351-6B8D-422E-9F24-925CE235C7C5}.Release|Any CPU.ActiveCfg = Release|Any CPU
		{51DB5351-6B8D-422E-9F24-925CE235C7C5}.Release|Any CPU.Build.0 = Release|Any CPU
		{FA7F1614-5537-479F-A308-D73A6464A3E8}.Debug|Any CPU.ActiveCfg = Debug|Any CPU
		{FA7F1614-5537-479F-A308-D73A6464A3E8}.Debug|Any CPU.Build.0 = Debug|Any CPU
		{FA7F1614-5537-479F-A308-D73A6464A3E8}.Release|Any CPU.ActiveCfg = Release|Any CPU
		{FA7F1614-5537-479F-A308-D73A6464A3E8}.Release|Any CPU.Build.0 = Release|Any CPU
		{0A1B9313-0D5C-40A1-8007-E8EF57D748BA}.Debug|Any CPU.ActiveCfg = Debug|Any CPU
		{0A1B9313-0D5C-40A1-8007-E8EF57D748BA}.Debug|Any CPU.Build.0 = Debug|Any CPU
		{0A1B9313-0D5C-40A1-8007-E8EF57D748BA}.Release|Any CPU.ActiveCfg = Release|Any CPU
		{0A1B9313-0D5C-40A1-8007-E8EF57D748BA}.Release|Any CPU.Build.0 = Release|Any CPU
		{58E59C58-AF32-4E46-9600-D7B0C4BC9CFA}.Debug|Any CPU.ActiveCfg = Debug|Any CPU
		{58E59C58-AF32-4E46-9600-D7B0C4BC9CFA}.Debug|Any CPU.Build.0 = Debug|Any CPU
		{58E59C58-AF32-4E46-9600-D7B0C4BC9CFA}.Release|Any CPU.ActiveCfg = Release|Any CPU
		{58E59C58-AF32-4E46-9600-D7B0C4BC9CFA}.Release|Any CPU.Build.0 = Release|Any CPU
		{9426215A-4BB5-4D59-BBC3-BDB5130FCFE6}.Debug|Any CPU.ActiveCfg = Debug|Any CPU
		{9426215A-4BB5-4D59-BBC3-BDB5130FCFE6}.Debug|Any CPU.Build.0 = Debug|Any CPU
		{9426215A-4BB5-4D59-BBC3-BDB5130FCFE6}.Release|Any CPU.ActiveCfg = Release|Any CPU
		{9426215A-4BB5-4D59-BBC3-BDB5130FCFE6}.Release|Any CPU.Build.0 = Release|Any CPU
		{3889945F-B015-4130-BA1B-4F820C70D799}.Debug|Any CPU.ActiveCfg = Debug|Any CPU
		{3889945F-B015-4130-BA1B-4F820C70D799}.Debug|Any CPU.Build.0 = Debug|Any CPU
		{3889945F-B015-4130-BA1B-4F820C70D799}.Release|Any CPU.ActiveCfg = Release|Any CPU
		{3889945F-B015-4130-BA1B-4F820C70D799}.Release|Any CPU.Build.0 = Release|Any CPU
		{0CF5BD0A-8468-44AD-A9D6-130981531477}.Debug|Any CPU.ActiveCfg = Debug|Any CPU
		{0CF5BD0A-8468-44AD-A9D6-130981531477}.Debug|Any CPU.Build.0 = Debug|Any CPU
		{0CF5BD0A-8468-44AD-A9D6-130981531477}.Release|Any CPU.ActiveCfg = Release|Any CPU
		{0CF5BD0A-8468-44AD-A9D6-130981531477}.Release|Any CPU.Build.0 = Release|Any CPU
		{2DBADF05-83BC-453A-BAD8-9AF30B9C74B9}.Debug|Any CPU.ActiveCfg = Debug|Any CPU
		{2DBADF05-83BC-453A-BAD8-9AF30B9C74B9}.Debug|Any CPU.Build.0 = Debug|Any CPU
		{2DBADF05-83BC-453A-BAD8-9AF30B9C74B9}.Release|Any CPU.ActiveCfg = Release|Any CPU
		{2DBADF05-83BC-453A-BAD8-9AF30B9C74B9}.Release|Any CPU.Build.0 = Release|Any CPU
		{38A2590E-36EC-4A4B-9E15-854414A664D1}.Debug|Any CPU.ActiveCfg = Debug|Any CPU
		{38A2590E-36EC-4A4B-9E15-854414A664D1}.Debug|Any CPU.Build.0 = Debug|Any CPU
		{38A2590E-36EC-4A4B-9E15-854414A664D1}.Release|Any CPU.ActiveCfg = Release|Any CPU
		{38A2590E-36EC-4A4B-9E15-854414A664D1}.Release|Any CPU.Build.0 = Release|Any CPU
		{FFB0C23C-8A84-4482-BCE3-4F4761613559}.Debug|Any CPU.ActiveCfg = Debug|Any CPU
		{FFB0C23C-8A84-4482-BCE3-4F4761613559}.Debug|Any CPU.Build.0 = Debug|Any CPU
		{FFB0C23C-8A84-4482-BCE3-4F4761613559}.Release|Any CPU.ActiveCfg = Release|Any CPU
		{FFB0C23C-8A84-4482-BCE3-4F4761613559}.Release|Any CPU.Build.0 = Release|Any CPU
		{0D855B24-4F56-420F-B522-C7384D491F74}.Debug|Any CPU.ActiveCfg = Debug|Any CPU
		{0D855B24-4F56-420F-B522-C7384D491F74}.Debug|Any CPU.Build.0 = Debug|Any CPU
		{0D855B24-4F56-420F-B522-C7384D491F74}.Release|Any CPU.ActiveCfg = Release|Any CPU
		{0D855B24-4F56-420F-B522-C7384D491F74}.Release|Any CPU.Build.0 = Release|Any CPU
		{E8D2F221-D1E2-42EB-B1CF-95BBF578F432}.Debug|Any CPU.ActiveCfg = Debug|Any CPU
		{E8D2F221-D1E2-42EB-B1CF-95BBF578F432}.Debug|Any CPU.Build.0 = Debug|Any CPU
		{E8D2F221-D1E2-42EB-B1CF-95BBF578F432}.Release|Any CPU.ActiveCfg = Release|Any CPU
		{E8D2F221-D1E2-42EB-B1CF-95BBF578F432}.Release|Any CPU.Build.0 = Release|Any CPU
		{DA5E4E51-96DB-4182-BB17-48A1B01388BA}.Debug|Any CPU.ActiveCfg = Debug|Any CPU
		{DA5E4E51-96DB-4182-BB17-48A1B01388BA}.Debug|Any CPU.Build.0 = Debug|Any CPU
		{DA5E4E51-96DB-4182-BB17-48A1B01388BA}.Release|Any CPU.ActiveCfg = Release|Any CPU
		{DA5E4E51-96DB-4182-BB17-48A1B01388BA}.Release|Any CPU.Build.0 = Release|Any CPU
	EndGlobalSection
	GlobalSection(SolutionProperties) = preSolution
		HideSolutionNode = FALSE
	EndGlobalSection
	GlobalSection(NestedProjects) = preSolution
		{1FD00C27-2A25-47BA-A986-D60D8B37241C} = {0A38A02F-4FD3-4B99-8C05-1522B9B07E01}
		{FE186B06-FD72-42B4-BDA0-BD2B536C8174} = {0A38A02F-4FD3-4B99-8C05-1522B9B07E01}
		{51DB5351-6B8D-422E-9F24-925CE235C7C5} = {0A38A02F-4FD3-4B99-8C05-1522B9B07E01}
		{FA7F1614-5537-479F-A308-D73A6464A3E8} = {C65999DC-9C16-46F8-A13F-9B8AEB351DF8}
		{0A1B9313-0D5C-40A1-8007-E8EF57D748BA} = {C65999DC-9C16-46F8-A13F-9B8AEB351DF8}
		{58E59C58-AF32-4E46-9600-D7B0C4BC9CFA} = {C65999DC-9C16-46F8-A13F-9B8AEB351DF8}
		{9426215A-4BB5-4D59-BBC3-BDB5130FCFE6} = {B7E40EC6-2A6F-406A-B807-1056142405C3}
		{3889945F-B015-4130-BA1B-4F820C70D799} = {B7E40EC6-2A6F-406A-B807-1056142405C3}
		{0CF5BD0A-8468-44AD-A9D6-130981531477} = {B7E40EC6-2A6F-406A-B807-1056142405C3}
		{2DBADF05-83BC-453A-BAD8-9AF30B9C74B9} = {E48EF48D-D07D-4112-943E-02A74AE54181}
		{38A2590E-36EC-4A4B-9E15-854414A664D1} = {E48EF48D-D07D-4112-943E-02A74AE54181}
		{FFB0C23C-8A84-4482-BCE3-4F4761613559} = {E48EF48D-D07D-4112-943E-02A74AE54181}
		{0D855B24-4F56-420F-B522-C7384D491F74} = {3A9D0FB0-A8E1-49A6-93AC-D7C06A763657}
		{E8D2F221-D1E2-42EB-B1CF-95BBF578F432} = {3A9D0FB0-A8E1-49A6-93AC-D7C06A763657}
		{DA5E4E51-96DB-4182-BB17-48A1B01388BA} = {3A9D0FB0-A8E1-49A6-93AC-D7C06A763657}
	EndGlobalSection
	GlobalSection(ExtensibilityGlobals) = postSolution
		SolutionGuid = {92B2F69E-951B-4870-ADD5-90034BFE794F}
	EndGlobalSection
EndGlobal
